<?xml version="1.0" encoding="utf-8"?>
<Project ToolsVersion="4.0" xmlns="http://schemas.microsoft.com/developer/msbuild/2003">
  <ItemGroup>
    <ClCompile Include="Definitions.cpp">
      <Filter>Source Files</Filter>
    </ClCompile>
    <ClCompile Include="..\interfaces\json\JsonEnum_Browser.cpp">
      <Filter>Generated Files</Filter>
    </ClCompile>
    <ClCompile Include="..\interfaces\json\JsonEnum_BrowserCookieJar.cpp">
      <Filter>Generated Files</Filter>
    </ClCompile>
    <ClCompile Include="..\interfaces\json\JsonEnum_BrowserResources.cpp">
      <Filter>Generated Files</Filter>
    </ClCompile>
    <ClCompile Include="..\interfaces\json\JsonEnum_BrowserScripting.cpp">
      <Filter>Generated Files</Filter>
    </ClCompile>
    <ClCompile Include="..\interfaces\json\JsonEnum_BrowserSecurity.cpp">
      <Filter>Generated Files</Filter>
    </ClCompile>
    <ClCompile Include="..\interfaces\json\JsonEnum_Butler.cpp">
      <Filter>Generated Files</Filter>
    </ClCompile>
    <ClCompile Include="..\interfaces\json\JsonEnum_Cobalt.cpp">
      <Filter>Generated Files</Filter>
    </ClCompile>
    <ClCompile Include="..\interfaces\json\JsonEnum_Compositor.cpp">
      <Filter>Generated Files</Filter>
    </ClCompile>
    <ClCompile Include="..\interfaces\json\JsonEnum_Containers.cpp">
      <Filter>Generated Files</Filter>
    </ClCompile>
    <ClCompile Include="..\interfaces\json\JsonEnum_DeviceInfo.cpp">
      <Filter>Generated Files</Filter>
    </ClCompile>
    <ClCompile Include="..\interfaces\json\JsonEnum_DHCPServer.cpp">
      <Filter>Generated Files</Filter>
    </ClCompile>
    <ClCompile Include="..\interfaces\json\JsonEnum_DIALServer.cpp">
      <Filter>Generated Files</Filter>
    </ClCompile>
    <ClCompile Include="..\interfaces\json\JsonEnum_Dictionary.cpp">
      <Filter>Generated Files</Filter>
    </ClCompile>
    <ClCompile Include="..\interfaces\json\JsonEnum_DTV.cpp">
      <Filter>Generated Files</Filter>
    </ClCompile>
    <ClCompile Include="..\interfaces\json\JsonEnum_FirmwareControl.cpp">
      <Filter>Generated Files</Filter>
    </ClCompile>
    <ClCompile Include="..\interfaces\json\JsonEnum_InputSwitch.cpp">
      <Filter>Generated Files</Filter>
    </ClCompile>
    <ClCompile Include="..\interfaces\json\JsonEnum_Math.cpp">
      <Filter>Generated Files</Filter>
    </ClCompile>
    <ClCompile Include="..\interfaces\json\JsonEnum_MemoryMonitor.cpp">
      <Filter>Generated Files</Filter>
    </ClCompile>
    <ClCompile Include="..\interfaces\json\JsonEnum_MessageControl.cpp">
      <Filter>Generated Files</Filter>
    </ClCompile>
    <ClCompile Include="..\interfaces\json\JsonEnum_Messenger.cpp">
      <Filter>Generated Files</Filter>
    </ClCompile>
    <ClCompile Include="..\interfaces\json\JsonEnum_Netflix.cpp">
      <Filter>Generated Files</Filter>
    </ClCompile>
    <ClCompile Include="..\interfaces\json\JsonEnum_NetworkControl.cpp">
      <Filter>Generated Files</Filter>
    </ClCompile>
    <ClCompile Include="..\interfaces\json\JsonEnum_OCDM.cpp">
      <Filter>Generated Files</Filter>
    </ClCompile>
    <ClCompile Include="..\interfaces\json\JsonEnum_OpenCDM.cpp">
      <Filter>Generated Files</Filter>
    </ClCompile>
    <ClCompile Include="..\interfaces\json\JsonEnum_PerformanceMonitor.cpp">
      <Filter>Generated Files</Filter>
    </ClCompile>
    <ClCompile Include="..\interfaces\json\JsonEnum_Provisioning.cpp">
      <Filter>Generated Files</Filter>
    </ClCompile>
    <ClCompile Include="..\interfaces\json\JsonEnum_RemoteControl.cpp">
      <Filter>Generated Files</Filter>
    </ClCompile>
    <ClCompile Include="..\interfaces\json\JsonEnum_ScriptEngine.cpp">
      <Filter>Generated Files</Filter>
    </ClCompile>
    <ClCompile Include="..\interfaces\json\JsonEnum_SecureShellServer.cpp">
      <Filter>Generated Files</Filter>
    </ClCompile>
    <ClCompile Include="..\interfaces\json\JsonEnum_StateControl.cpp">
      <Filter>Generated Files</Filter>
    </ClCompile>
    <ClCompile Include="..\interfaces\json\JsonEnum_Streamer.cpp">
      <Filter>Generated Files</Filter>
    </ClCompile>
    <ClCompile Include="..\interfaces\json\JsonEnum_SubsystemControl.cpp">
      <Filter>Generated Files</Filter>
    </ClCompile>
    <ClCompile Include="..\interfaces\json\JsonEnum_TimeZone.cpp">
      <Filter>Generated Files</Filter>
    </ClCompile>
    <ClCompile Include="..\interfaces\json\JsonEnum_ValuePoint.cpp">
      <Filter>Generated Files</Filter>
    </ClCompile>
    <ClCompile Include="..\interfaces\json\JsonEnum_WatchDog.cpp">
      <Filter>Generated Files</Filter>
    </ClCompile>
    <ClCompile Include="..\interfaces\json\JsonEnum_WebBrowser.cpp">
      <Filter>Generated Files</Filter>
    </ClCompile>
    <ClCompile Include="..\interfaces\json\JsonEnum_WifiControl.cpp">
      <Filter>Generated Files</Filter>
    </ClCompile>
    <ClCompile Include="..\interfaces\json\JsonEnum_ZigWave.cpp">
      <Filter>Generated Files</Filter>
    </ClCompile>
  </ItemGroup>
  <ItemGroup>
    <ClInclude Include="definitions.h">
      <Filter>Source Files</Filter>
    </ClInclude>
    <ClInclude Include="..\interfaces\json\ExternalMetadata.h">
      <Filter>Source Files</Filter>
    </ClInclude>
    <ClInclude Include="ValuePoint.h">
      <Filter>Source Files</Filter>
    </ClInclude>
  </ItemGroup>
  <ItemGroup>
    <CustomBuild Include="..\jsonrpc\Browser.json">
      <Filter>JSON Files</Filter>
    </CustomBuild>
    <CustomBuild Include="..\jsonrpc\Butler.json">
      <Filter>JSON Files</Filter>
    </CustomBuild>
    <CustomBuild Include="..\jsonrpc\Cobalt.json">
      <Filter>JSON Files</Filter>
    </CustomBuild>
    <CustomBuild Include="..\jsonrpc\Compositor.json">
      <Filter>JSON Files</Filter>
    </CustomBuild>
    <CustomBuild Include="..\jsonrpc\Containers.json">
      <Filter>JSON Files</Filter>
    </CustomBuild>
    <CustomBuild Include="..\jsonrpc\DeviceInfo.json">
      <Filter>JSON Files</Filter>
    </CustomBuild>
    <CustomBuild Include="..\jsonrpc\DHCPServer.json">
      <Filter>JSON Files</Filter>
    </CustomBuild>
    <CustomBuild Include="..\jsonrpc\DIALServer.json">
      <Filter>JSON Files</Filter>
    </CustomBuild>
    <CustomBuild Include="..\jsonrpc\DTV.json">
      <Filter>JSON Files</Filter>
    </CustomBuild>
    <CustomBuild Include="..\interfaces\IBrowser.h">
      <Filter>Interface Files</Filter>
    </CustomBuild>
    <CustomBuild Include="..\interfaces\IDeviceIdentification.h">
      <Filter>Interface Files</Filter>
    </CustomBuild>
    <CustomBuild Include="..\interfaces\IDictionary.h">
      <Filter>Interface Files</Filter>
    </CustomBuild>
    <CustomBuild Include="..\interfaces\ILocationSync.h">
      <Filter>Interface Files</Filter>
    </CustomBuild>
    <CustomBuild Include="..\interfaces\IMath.h">
      <Filter>Interface Files</Filter>
    </CustomBuild>
    <CustomBuild Include="..\interfaces\IMemoryMonitor.h">
      <Filter>Interface Files</Filter>
    </CustomBuild>
    <CustomBuild Include="..\interfaces\IMessageControl.h">
      <Filter>Interface Files</Filter>
    </CustomBuild>
    <CustomBuild Include="..\interfaces\IMessenger.h">
      <Filter>Interface Files</Filter>
    </CustomBuild>
    <CustomBuild Include="..\interfaces\INetworkControl.h">
      <Filter>Interface Files</Filter>
    </CustomBuild>
    <CustomBuild Include="..\interfaces\IScriptEngine.h">
      <Filter>Interface Files</Filter>
    </CustomBuild>
    <CustomBuild Include="..\interfaces\ISecurityAgent.h">
      <Filter>Interface Files</Filter>
    </CustomBuild>
    <CustomBuild Include="..\interfaces\ITimeSync.h">
      <Filter>Interface Files</Filter>
    </CustomBuild>
    <CustomBuild Include="..\interfaces\ITimeZone.h">
      <Filter>Interface Files</Filter>
    </CustomBuild>
    <CustomBuild Include="..\interfaces\IValuePoint.h">
      <Filter>Interface Files</Filter>
    </CustomBuild>
    <CustomBuild Include="..\interfaces\IWatchDog.h">
      <Filter>Interface Files</Filter>
    </CustomBuild>
    <CustomBuild Include="..\interfaces\IWifiControl.h">
      <Filter>Interface Files</Filter>
    </CustomBuild>
    <CustomBuild Include="..\interfaces\IZigWave.h">
      <Filter>Interface Files</Filter>
    </CustomBuild>
    <CustomBuild Include="..\jsonrpc\FirmwareControl.json">
      <Filter>JSON Files</Filter>
    </CustomBuild>
    <CustomBuild Include="..\jsonrpc\Monitor.json">
      <Filter>JSON Files</Filter>
    </CustomBuild>
    <CustomBuild Include="..\jsonrpc\Netflix.json">
      <Filter>JSON Files</Filter>
    </CustomBuild>
    <CustomBuild Include="..\jsonrpc\OCDM.json">
      <Filter>JSON Files</Filter>
    </CustomBuild>
    <CustomBuild Include="..\jsonrpc\PerformanceMonitor.json">
      <Filter>JSON Files</Filter>
    </CustomBuild>
    <CustomBuild Include="..\jsonrpc\Provisioning.json">
      <Filter>JSON Files</Filter>
    </CustomBuild>
    <CustomBuild Include="..\jsonrpc\RemoteControl.json">
      <Filter>JSON Files</Filter>
    </CustomBuild>
    <CustomBuild Include="..\jsonrpc\SecureShellServer.json">
      <Filter>JSON Files</Filter>
    </CustomBuild>
    <CustomBuild Include="..\jsonrpc\StateControl.json">
      <Filter>JSON Files</Filter>
    </CustomBuild>
    <CustomBuild Include="..\jsonrpc\Streamer.json">
      <Filter>JSON Files</Filter>
    </CustomBuild>
    <CustomBuild Include="..\interfaces\IOCDM.h">
      <Filter>Interface Files</Filter>
    </CustomBuild>
    <CustomBuild Include="..\interfaces\ISystemCommands.h">
      <Filter>Interface Files</Filter>
    </CustomBuild>
    <CustomBuild Include="..\interfaces\IIOConnector.h">
      <Filter>Interface Files</Filter>
    </CustomBuild>
    <CustomBuild Include="..\interfaces\IPower.h" />
      <Filter>Interface Files</Filter>
    </CustomBuild>
    <CustomBuild Include="..\interfaces\IInputSwitch.h">
      <Filter>Interface Files</Filter>
    </CustomBuild>
    <CustomBuild Include="..\interfaces\ISubsystemControl.h">
      <Filter>Interface Files</Filter>
    </CustomBuild>
    <CustomBuild Include="..\interfaces\IPluginAsyncStateControl.h">
      <Filter>Interface Files</Filter>
    </CustomBuild>
  </ItemGroup>
  <ItemGroup>
    <None Include="..\jsonrpc\common.json">
      <Filter>JSON Files</Filter>
    </None>
    <None Include="..\jsonrpc\WebKitBrowser.json">
      <Filter>JSON Files</Filter>
    </None>
  </ItemGroup>
  <ItemGroup>
    <Filter Include="Generated Files">
      <UniqueIdentifier>{5083385d-c0f4-4e2b-838a-f4aa51d2a951}</UniqueIdentifier>
    </Filter>
    <Filter Include="Source Files">
      <UniqueIdentifier>{81d0a068-8151-4a4b-95df-340981e3e0b3}</UniqueIdentifier>
    </Filter>
    <Filter Include="Interface Files">
      <UniqueIdentifier>{dbf3aff7-6d8c-4b9d-81db-40120a86bec7}</UniqueIdentifier>
    </Filter>
    <Filter Include="JSON Files">
      <UniqueIdentifier>{59dae841-dc89-457c-b9f5-7f097f7f7906}</UniqueIdentifier>
    </Filter>
  </ItemGroup>
</Project>