<?xml version="1.0" encoding="utf-8"?>
<Project ToolsVersion="4.0" xmlns="http://schemas.microsoft.com/developer/msbuild/2003">
  <ItemGroup>
    <ClCompile Include="..\interfaces\json\JsonEnum_Browser.cpp" />
    <ClCompile Include="..\interfaces\json\JsonEnum_BrowserCookieJar.cpp" />
    <ClCompile Include="..\interfaces\json\JsonEnum_BrowserResources.cpp" />
    <ClCompile Include="..\interfaces\json\JsonEnum_BrowserScripting.cpp" />
    <ClCompile Include="..\interfaces\json\JsonEnum_BrowserSecurity.cpp" />
    <ClCompile Include="..\interfaces\json\JsonEnum_Butler.cpp" />
    <ClCompile Include="..\interfaces\json\JsonEnum_Cobalt.cpp" />
    <ClCompile Include="..\interfaces\json\JsonEnum_Compositor.cpp" />
    <ClCompile Include="..\interfaces\json\JsonEnum_Containers.cpp" />
    <ClCompile Include="..\interfaces\json\JsonEnum_DeviceInfo.cpp" />
    <ClCompile Include="..\interfaces\json\JsonEnum_DHCPServer.cpp" />
    <ClCompile Include="..\interfaces\json\JsonEnum_DIALServer.cpp" />
    <ClCompile Include="..\interfaces\json\JsonEnum_Dictionary.cpp" />
    <ClCompile Include="..\interfaces\json\JsonEnum_DTV.cpp" />
    <ClCompile Include="..\interfaces\json\JsonEnum_FirmwareControl.cpp" />
    <ClCompile Include="..\interfaces\json\JsonEnum_InputSwitch.cpp" />
    <ClCompile Include="..\interfaces\json\JsonEnum_IOConnector.cpp" />
    <ClCompile Include="..\interfaces\json\JsonEnum_Math.cpp" />
    <ClCompile Include="..\interfaces\json\JsonEnum_MemoryMonitor.cpp" />
    <ClCompile Include="..\interfaces\json\JsonEnum_MessageControl.cpp" />
    <ClCompile Include="..\interfaces\json\JsonEnum_Messenger.cpp" />
    <ClCompile Include="..\interfaces\json\JsonEnum_Netflix.cpp" />
    <ClCompile Include="..\interfaces\json\JsonEnum_NetworkControl.cpp" />
    <ClCompile Include="..\interfaces\json\JsonEnum_OCDM.cpp" />
    <ClCompile Include="..\interfaces\json\JsonEnum_OpenCDM.cpp" />
    <ClCompile Include="..\interfaces\json\JsonEnum_PerformanceMonitor.cpp" />
    <ClCompile Include="..\interfaces\json\JsonEnum_Power.cpp" />
    <ClCompile Include="..\interfaces\json\JsonEnum_Provisioning.cpp" />
    <ClCompile Include="..\interfaces\json\JsonEnum_RemoteControl.cpp" />
    <ClCompile Include="..\interfaces\json\JsonEnum_ScriptEngine.cpp" />
    <ClCompile Include="..\interfaces\json\JsonEnum_SecureShellServer.cpp" />
    <ClCompile Include="..\interfaces\json\JsonEnum_StateControl.cpp" />
    <ClCompile Include="..\interfaces\json\JsonEnum_Streamer.cpp" />
    <ClCompile Include="..\interfaces\json\JsonEnum_SubsystemControl.cpp" />
    <ClCompile Include="..\interfaces\json\JsonEnum_SystemCommands.cpp" />
    <ClCompile Include="..\interfaces\json\JsonEnum_TimeZone.cpp" />
    <ClCompile Include="..\interfaces\json\JsonEnum_ValuePoint.cpp" />
    <ClCompile Include="..\interfaces\json\JsonEnum_WatchDog.cpp" />
    <ClCompile Include="..\interfaces\json\JsonEnum_WebBrowser.cpp" />
    <ClCompile Include="..\interfaces\json\JsonEnum_ZigWave.cpp" />
    <ClCompile Include="Definitions.cpp" />
  </ItemGroup>
  <ItemGroup>
    <ClInclude Include="ValuePoint.h" />
    <ClInclude Include="..\interfaces\json\ExternalMetadata.h" />
    <ClInclude Include="definitions.h" />
  </ItemGroup>
  <ItemGroup>
    <CustomBuild Include="..\interfaces\IDictionary.h" />
    <CustomBuild Include="..\interfaces\IMemoryMonitor.h" />
    <CustomBuild Include="..\interfaces\ILocationSync.h" />
    <CustomBuild Include="..\interfaces\ISecurityAgent.h" />
    <CustomBuild Include="..\interfaces\IDeviceIdentification.h" />
    <CustomBuild Include="..\interfaces\IOCDM.h" />
    <CustomBuild Include="..\interfaces\IMath.h" />
    <CustomBuild Include="..\interfaces\IValuePoint.h" />
    <CustomBuild Include="..\interfaces\IZigWave.h" />
    <CustomBuild Include="..\interfaces\ITimeZone.h" />
    <CustomBuild Include="..\interfaces\IMessageControl.h" />
    <CustomBuild Include="..\interfaces\IMessenger.h" />
    <CustomBuild Include="..\interfaces\IBrowser.h" />
    <CustomBuild Include="..\interfaces\INetworkControl.h" />
    <CustomBuild Include="..\interfaces\IWatchDog.h" />
    <CustomBuild Include="..\interfaces\IScriptEngine.h" />
    <CustomBuild Include="..\jsonrpc\Browser.json" />
    <CustomBuild Include="..\jsonrpc\Butler.json" />
    <CustomBuild Include="..\jsonrpc\Cobalt.json" />
    <CustomBuild Include="..\jsonrpc\Compositor.json" />
    <CustomBuild Include="..\jsonrpc\Containers.json" />
    <CustomBuild Include="..\jsonrpc\DeviceInfo.json" />
    <CustomBuild Include="..\jsonrpc\DHCPServer.json" />
    <CustomBuild Include="..\jsonrpc\DIALServer.json" />
    <CustomBuild Include="..\jsonrpc\DTV.json" />
    <CustomBuild Include="..\jsonrpc\FirmwareControl.json" />
    <CustomBuild Include="..\jsonrpc\InputSwitch.json" />
    <CustomBuild Include="..\jsonrpc\IOConnector.json" />
    <CustomBuild Include="..\jsonrpc\Monitor.json" />
    <CustomBuild Include="..\jsonrpc\Netflix.json" />
    <CustomBuild Include="..\jsonrpc\OCDM.json" />
    <CustomBuild Include="..\jsonrpc\PerformanceMonitor.json" />
    <CustomBuild Include="..\jsonrpc\Power.json" />
    <CustomBuild Include="..\jsonrpc\Provisioning.json" />
    <CustomBuild Include="..\jsonrpc\RemoteControl.json" />
    <CustomBuild Include="..\jsonrpc\SecureShellServer.json" />
    <CustomBuild Include="..\jsonrpc\StateControl.json" />
    <CustomBuild Include="..\jsonrpc\Streamer.json" />
    <CustomBuild Include="..\jsonrpc\SubsystemControl.json" />
    <CustomBuild Include="..\interfaces\ITimeSync.h" />
    <CustomBuild Include="..\interfaces\ISystemCommands.h" />
  </ItemGroup>
  <ItemGroup>
    <None Include="..\jsonrpc\common.json" />
    <None Include="..\jsonrpc\WebKitBrowser.json" />
  </ItemGroup>
</Project>