<?xml version="1.0" encoding="utf-8"?>
<Project ToolsVersion="4.0" xmlns="http://schemas.microsoft.com/developer/msbuild/2003">
  <ItemGroup>
    <Filter Include="Contracts">
      <UniqueIdentifier>{6975244d-cb23-4d09-a334-80cf1e1b4845}</UniqueIdentifier>
    </Filter>
    <Filter Include="Source Files">
      <UniqueIdentifier>{3c5d92bc-9901-475e-bb35-643cd2f2296b}</UniqueIdentifier>
    </Filter>
    <Filter Include="Header Files">
      <UniqueIdentifier>{c5ebb452-1dd1-4410-9a69-da3188dc9cd5}</UniqueIdentifier>
    </Filter>
    <Filter Include="Interfaces">
      <UniqueIdentifier>{832f72b9-f988-4a91-98b6-0a6e62b7ca87}</UniqueIdentifier>
    </Filter>
    <Filter Include="Generated Files">
      <UniqueIdentifier>{cd531e85-d48e-4490-989c-8353fa16792e}</UniqueIdentifier>
    </Filter>
  </ItemGroup>
  <ItemGroup>
    <ClCompile Include="Definitions.cpp">
      <Filter>Source Files</Filter>
    </ClCompile>
    <ClCompile Include="..\interfaces\json\JsonEnum_MessageControl.cpp">
      <Filter>Generated Files</Filter>
    </ClCompile>
    <ClCompile Include="..\interfaces\json\JsonEnum_NetworkControl.cpp">
      <Filter>Generated Files</Filter>
    </ClCompile>
    <ClCompile Include="..\interfaces\json\JsonEnum_BluetoothControl.cpp">
      <Filter>Generated Files</Filter>
    </ClCompile>
    <ClCompile Include="..\interfaces\json\JsonEnum_BluetoothRemoteControl.cpp">
      <Filter>Generated Files</Filter>
    </ClCompile>
    <ClCompile Include="..\interfaces\json\JsonEnum_Browser.cpp">
      <Filter>Generated Files</Filter>
    </ClCompile>
    <ClCompile Include="..\interfaces\json\JsonEnum_BrowserCookieJar.cpp">
      <Filter>Generated Files</Filter>
    </ClCompile>
    <ClCompile Include="..\interfaces\json\JsonEnum_BrowserResources.cpp">
      <Filter>Generated Files</Filter>
    </ClCompile>
    <ClCompile Include="..\interfaces\json\JsonEnum_BrowserScripting.cpp">
      <Filter>Generated Files</Filter>
    </ClCompile>
    <ClCompile Include="..\interfaces\json\JsonEnum_BrowserSecurity.cpp">
      <Filter>Generated Files</Filter>
    </ClCompile>
    <ClCompile Include="..\interfaces\json\JsonEnum_Butler.cpp">
      <Filter>Generated Files</Filter>
    </ClCompile>
    <ClCompile Include="..\interfaces\json\JsonEnum_Cobalt.cpp">
      <Filter>Generated Files</Filter>
    </ClCompile>
    <ClCompile Include="..\interfaces\json\JsonEnum_Compositor.cpp">
      <Filter>Generated Files</Filter>
    </ClCompile>
    <ClCompile Include="..\interfaces\json\JsonEnum_Containers.cpp">
      <Filter>Generated Files</Filter>
    </ClCompile>
    <ClCompile Include="..\interfaces\json\JsonEnum_DeviceIdentification.cpp">
      <Filter>Generated Files</Filter>
    </ClCompile>
    <ClCompile Include="..\interfaces\json\JsonEnum_DeviceInfo.cpp">
      <Filter>Generated Files</Filter>
    </ClCompile>
    <ClCompile Include="..\interfaces\json\JsonEnum_DHCPServer.cpp">
      <Filter>Generated Files</Filter>
    </ClCompile>
    <ClCompile Include="..\interfaces\json\JsonEnum_DIALServer.cpp">
      <Filter>Generated Files</Filter>
    </ClCompile>
    <ClCompile Include="..\interfaces\json\JsonEnum_Dictionary.cpp">
      <Filter>Generated Files</Filter>
    </ClCompile>
    <ClCompile Include="..\interfaces\json\JsonEnum_DisplayInfo.cpp">
      <Filter>Generated Files</Filter>
    </ClCompile>
    <ClCompile Include="..\interfaces\json\JsonEnum_DTV.cpp">
      <Filter>Generated Files</Filter>
    </ClCompile>
    <ClCompile Include="..\interfaces\json\JsonEnum_FirmwareControl.cpp">
      <Filter>Generated Files</Filter>
    </ClCompile>
    <ClCompile Include="..\interfaces\json\JsonEnum_InputSwitch.cpp">
      <Filter>Generated Files</Filter>
    </ClCompile>
    <ClCompile Include="..\interfaces\json\JsonEnum_IOConnector.cpp">
      <Filter>Generated Files</Filter>
    </ClCompile>
    <ClCompile Include="..\interfaces\json\JsonEnum_IOControl.cpp">
      <Filter>Generated Files</Filter>
    </ClCompile>
    <ClCompile Include="..\interfaces\json\JsonEnum_LocationSync.cpp">
      <Filter>Generated Files</Filter>
    </ClCompile>
    <ClCompile Include="..\interfaces\json\JsonEnum_Math.cpp">
      <Filter>Generated Files</Filter>
    </ClCompile>
    <ClCompile Include="..\interfaces\json\JsonEnum_Messenger.cpp">
      <Filter>Generated Files</Filter>
    </ClCompile>
    <ClCompile Include="..\interfaces\json\JsonEnum_Monitor.cpp">
      <Filter>Generated Files</Filter>
    </ClCompile>
    <ClCompile Include="..\interfaces\json\JsonEnum_Netflix.cpp">
      <Filter>Generated Files</Filter>
    </ClCompile>
    <ClCompile Include="..\interfaces\json\JsonEnum_OCDM.cpp">
      <Filter>Generated Files</Filter>
    </ClCompile>
    <ClCompile Include="..\interfaces\json\JsonEnum_Packager.cpp">
      <Filter>Generated Files</Filter>
    </ClCompile>
    <ClCompile Include="..\interfaces\json\JsonEnum_PerformanceMonitor.cpp">
      <Filter>Generated Files</Filter>
    </ClCompile>
    <ClCompile Include="..\interfaces\json\JsonEnum_PlayerInfo.cpp">
      <Filter>Generated Files</Filter>
    </ClCompile>
    <ClCompile Include="..\interfaces\json\JsonEnum_Power.cpp">
      <Filter>Generated Files</Filter>
    </ClCompile>
    <ClCompile Include="..\interfaces\json\JsonEnum_Provisioning.cpp">
      <Filter>Generated Files</Filter>
    </ClCompile>
    <ClCompile Include="..\interfaces\json\JsonEnum_RemoteControl.cpp">
      <Filter>Generated Files</Filter>
    </ClCompile>
    <ClCompile Include="..\interfaces\json\JsonEnum_ScriptEngine.cpp">
      <Filter>Generated Files</Filter>
    </ClCompile>
    <ClCompile Include="..\interfaces\json\JsonEnum_SecureShellServer.cpp">
      <Filter>Generated Files</Filter>
    </ClCompile>
    <ClCompile Include="..\interfaces\json\JsonEnum_SecurityAgent.cpp">
      <Filter>Generated Files</Filter>
    </ClCompile>
    <ClCompile Include="..\interfaces\json\JsonEnum_Spark.cpp">
      <Filter>Generated Files</Filter>
    </ClCompile>
    <ClCompile Include="..\interfaces\json\JsonEnum_StateControl.cpp">
      <Filter>Generated Files</Filter>
    </ClCompile>
    <ClCompile Include="..\interfaces\json\JsonEnum_Streamer.cpp">
      <Filter>Generated Files</Filter>
    </ClCompile>
    <ClCompile Include="..\interfaces\json\JsonEnum_SubsystemControl.cpp">
      <Filter>Generated Files</Filter>
    </ClCompile>
    <ClCompile Include="..\interfaces\json\JsonEnum_SystemCommands.cpp">
      <Filter>Generated Files</Filter>
    </ClCompile>
    <ClCompile Include="..\interfaces\json\JsonEnum_TestController.cpp">
      <Filter>Generated Files</Filter>
    </ClCompile>
    <ClCompile Include="..\interfaces\json\JsonEnum_TestUtility.cpp">
      <Filter>Generated Files</Filter>
    </ClCompile>
    <ClCompile Include="..\interfaces\json\JsonEnum_TimeSync.cpp">
      <Filter>Generated Files</Filter>
    </ClCompile>
    <ClCompile Include="..\interfaces\json\JsonEnum_TimeZone.cpp">
      <Filter>Generated Files</Filter>
    </ClCompile>
    <ClCompile Include="..\interfaces\json\JsonEnum_TraceControl.cpp">
      <Filter>Generated Files</Filter>
    </ClCompile>
    <ClCompile Include="..\interfaces\json\JsonEnum_ValuePoint.cpp">
      <Filter>Generated Files</Filter>
    </ClCompile>
    <ClCompile Include="..\interfaces\json\JsonEnum_WatchDog.cpp">
      <Filter>Generated Files</Filter>
    </ClCompile>
    <ClCompile Include="..\interfaces\json\JsonEnum_WebBrowser.cpp">
      <Filter>Generated Files</Filter>
    </ClCompile>
    <ClCompile Include="..\interfaces\json\JsonEnum_ZigWave.cpp">
      <Filter>Generated Files</Filter>
    </ClCompile>
  </ItemGroup>
  <ItemGroup>
    <ClInclude Include="definitions.h">
      <Filter>Header Files</Filter>
    </ClInclude>
    <ClInclude Include="..\interfaces\json\ExternalMetadata.h">
      <Filter>Header Files</Filter>
    </ClInclude>
    <ClInclude Include="ValuePoint.h">
      <Filter>Header Files</Filter>
    </ClInclude>
  </ItemGroup>
  <ItemGroup>
    <None Include="..\jsonrpc\common.json">
      <Filter>Contracts</Filter>
    </None>
    <None Include="..\jsonrpc\WebKitBrowser.json">
      <Filter>Contracts</Filter>
    </None>
  </ItemGroup>
  <ItemGroup>
    <CustomBuild Include="..\jsonrpc\BluetoothControl.json">
      <Filter>Contracts</Filter>
    </CustomBuild>
    <CustomBuild Include="..\jsonrpc\BluetoothRemoteControl.json">
      <Filter>Contracts</Filter>
    </CustomBuild>
    <CustomBuild Include="..\jsonrpc\Browser.json">
      <Filter>Contracts</Filter>
    </CustomBuild>
    <CustomBuild Include="..\jsonrpc\Butler.json">
      <Filter>Contracts</Filter>
    </CustomBuild>
    <CustomBuild Include="..\jsonrpc\Cobalt.json">
      <Filter>Contracts</Filter>
    </CustomBuild>
    <CustomBuild Include="..\jsonrpc\Compositor.json">
      <Filter>Contracts</Filter>
    </CustomBuild>
    <CustomBuild Include="..\jsonrpc\Containers.json">
      <Filter>Contracts</Filter>
    </CustomBuild>
    <CustomBuild Include="..\jsonrpc\DeviceIdentification.json">
      <Filter>Contracts</Filter>
    </CustomBuild>
    <CustomBuild Include="..\jsonrpc\DeviceInfo.json">
      <Filter>Contracts</Filter>
    </CustomBuild>
    <CustomBuild Include="..\jsonrpc\DHCPServer.json">
      <Filter>Contracts</Filter>
    </CustomBuild>
    <CustomBuild Include="..\jsonrpc\DIALServer.json">
      <Filter>Contracts</Filter>
    </CustomBuild>
    <CustomBuild Include="..\jsonrpc\DisplayInfo.json">
      <Filter>Contracts</Filter>
    </CustomBuild>
    <CustomBuild Include="..\jsonrpc\DTV.json">
      <Filter>Contracts</Filter>
    </CustomBuild>
    <CustomBuild Include="..\jsonrpc\FirmwareControl.json">
      <Filter>Contracts</Filter>
    </CustomBuild>
    <CustomBuild Include="..\jsonrpc\InputSwitch.json">
      <Filter>Contracts</Filter>
    </CustomBuild>
    <CustomBuild Include="..\jsonrpc\IOConnector.json">
      <Filter>Contracts</Filter>
    </CustomBuild>
    <CustomBuild Include="..\jsonrpc\IOControl.json">
      <Filter>Contracts</Filter>
    </CustomBuild>
    <CustomBuild Include="..\jsonrpc\LocationSync.json">
      <Filter>Contracts</Filter>
    </CustomBuild>
    <CustomBuild Include="..\jsonrpc\Messenger.json">
      <Filter>Contracts</Filter>
    </CustomBuild>
    <CustomBuild Include="..\jsonrpc\Netflix.json">
      <Filter>Contracts</Filter>
    </CustomBuild>
    <CustomBuild Include="..\jsonrpc\Monitor.json">
      <Filter>Contracts</Filter>
    </CustomBuild>
    <CustomBuild Include="..\jsonrpc\OCDM.json">
      <Filter>Contracts</Filter>
    </CustomBuild>
    <CustomBuild Include="..\jsonrpc\Packager.json">
      <Filter>Contracts</Filter>
    </CustomBuild>
    <CustomBuild Include="..\jsonrpc\PerformanceMonitor.json">
      <Filter>Contracts</Filter>
    </CustomBuild>
    <CustomBuild Include="..\jsonrpc\PlayerInfo.json">
      <Filter>Contracts</Filter>
    </CustomBuild>
    <CustomBuild Include="..\jsonrpc\Power.json">
      <Filter>Contracts</Filter>
    </CustomBuild>
    <CustomBuild Include="..\jsonrpc\Provisioning.json">
      <Filter>Contracts</Filter>
    </CustomBuild>
    <CustomBuild Include="..\jsonrpc\RemoteControl.json">
      <Filter>Contracts</Filter>
    </CustomBuild>
    <CustomBuild Include="..\jsonrpc\SecureShellServer.json">
      <Filter>Contracts</Filter>
    </CustomBuild>
    <CustomBuild Include="..\jsonrpc\SecurityAgent.json">
      <Filter>Contracts</Filter>
    </CustomBuild>
    <CustomBuild Include="..\jsonrpc\Spark.json">
      <Filter>Contracts</Filter>
    </CustomBuild>
    <CustomBuild Include="..\jsonrpc\StateControl.json">
      <Filter>Contracts</Filter>
    </CustomBuild>
    <CustomBuild Include="..\jsonrpc\Streamer.json">
      <Filter>Contracts</Filter>
    </CustomBuild>
    <CustomBuild Include="..\jsonrpc\SystemCommands.json">
      <Filter>Contracts</Filter>
    </CustomBuild>
    <CustomBuild Include="..\jsonrpc\TestController.json">
      <Filter>Contracts</Filter>
    </CustomBuild>
    <CustomBuild Include="..\jsonrpc\TestUtility.json">
      <Filter>Contracts</Filter>
    </CustomBuild>
    <CustomBuild Include="..\jsonrpc\TimeSync.json">
      <Filter>Contracts</Filter>
    </CustomBuild>
    <CustomBuild Include="..\jsonrpc\TraceControl.json">
      <Filter>Contracts</Filter>
    </CustomBuild>
    <CustomBuild Include="..\jsonrpc\SubsystemControl.json">
      <Filter>Contracts</Filter>
    </CustomBuild>
    <CustomBuild Include="..\interfaces\IMath.h">
      <Filter>Interfaces</Filter>
    </CustomBuild>
    <CustomBuild Include="..\interfaces\IZigWave.h">
      <Filter>Interfaces</Filter>
    </CustomBuild>
    <CustomBuild Include="..\interfaces\IValuePoint.h">
      <Filter>Interfaces</Filter>
    </CustomBuild>
    <CustomBuild Include="..\interfaces\ITimeZone.h">
      <Filter>Interfaces</Filter>
    </CustomBuild>
    <CustomBuild Include="..\interfaces\IBrowser.h">
      <Filter>Interfaces</Filter>
    </CustomBuild>
    <CustomBuild Include="..\interfaces\IMessageControl.h">
      <Filter>Interfaces</Filter>
    </CustomBuild>
    <CustomBuild Include="..\interfaces\INetworkControl.h">
      <Filter>Interfaces</Filter>
    </CustomBuild>
    <CustomBuild Include="..\interfaces\IWatchDog.h">
      <Filter>Interfaces</Filter>
    </CustomBuild>
    <CustomBuild Include="..\interfaces\IScriptEngine.h">
      <Filter>Interfaces</Filter>
    </CustomBuild>
    <CustomBuild Include="..\interfaces\IDictionary.h">
      <Filter>Interfaces</Filter>
    </CustomBuild>
  </ItemGroup>
</Project>