<?xml version="1.0" encoding="utf-8"?>
<Project ToolsVersion="4.0" xmlns="http://schemas.microsoft.com/developer/msbuild/2003">
  <ItemGroup>
    <ClCompile Include="Module.cpp" />
    <ClCompile Include="proxystubs\ProxyStubsMetadata.cpp" />
    <ClCompile Include="proxystubs\ProxyStubs_AmazonPrime.cpp" />
    <ClCompile Include="proxystubs\ProxyStubs_Application.cpp" />
    <ClCompile Include="proxystubs\ProxyStubs_AVNClient.cpp" />
    <ClCompile Include="proxystubs\ProxyStubs_AVSClient.cpp" />
    <ClCompile Include="proxystubs\ProxyStubs_Bluetooth.cpp" />
    <ClCompile Include="proxystubs\ProxyStubs_BluetoothAudio.cpp" />
    <ClCompile Include="proxystubs\ProxyStubs_Browser.cpp" />
    <ClCompile Include="proxystubs\ProxyStubs_Butler.cpp" />
    <ClCompile Include="proxystubs\ProxyStubs_Capture.cpp" />
    <ClCompile Include="proxystubs\ProxyStubs_Composition.cpp" />
    <ClCompile Include="proxystubs\ProxyStubs_Configuration.cpp" />
    <ClCompile Include="proxystubs\ProxyStubs_ContentDecryption.cpp" />
    <ClCompile Include="proxystubs\ProxyStubs_Cryptography.cpp" />
    <ClCompile Include="proxystubs\ProxyStubs_CustomerCareOperations.cpp" />
    <ClCompile Include="proxystubs\ProxyStubs_DeviceInfo.cpp" />
    <ClCompile Include="proxystubs\ProxyStubs_DIALServer.cpp" />
    <ClCompile Include="proxystubs\ProxyStubs_Dictionary.cpp" />
    <ClCompile Include="proxystubs\ProxyStubs_DisplayInfo.cpp" />
    <ClCompile Include="proxystubs\ProxyStubs_DNSServer.cpp" />
    <ClCompile Include="proxystubs\ProxyStubs_Dolby.cpp" />
    <ClCompile Include="proxystubs\ProxyStubs_DsgccClient.cpp" />
    <ClCompile Include="proxystubs\ProxyStubs_External.cpp" />
    <ClCompile Include="proxystubs\ProxyStubs_Focus.cpp" />
    <ClCompile Include="proxystubs\ProxyStubs_Guide.cpp" />
    <ClCompile Include="proxystubs\ProxyStubs_InputPin.cpp" />
    <ClCompile Include="proxystubs\ProxyStubs_InputSwitch.cpp" />
    <ClCompile Include="proxystubs\ProxyStubs_IPNetwork.cpp" />
    <ClCompile Include="proxystubs\ProxyStubs_KeyHandler.cpp" />
    <ClCompile Include="proxystubs\ProxyStubs_LanguageTag.cpp" />
    <ClCompile Include="proxystubs\ProxyStubs_LISA.cpp" />
    <ClCompile Include="proxystubs\ProxyStubs_Math.cpp" />
    <ClCompile Include="proxystubs\ProxyStubs_MediaPlayer.cpp" />
    <ClCompile Include="proxystubs\ProxyStubs_Memory.cpp" />
    <ClCompile Include="proxystubs\ProxyStubs_MessageControl.cpp" />
    <ClCompile Include="proxystubs\ProxyStubs_Messenger.cpp" />
    <ClCompile Include="proxystubs\ProxyStubs_Netflix.cpp" />
    <ClCompile Include="proxystubs\ProxyStubs_NetflixSecurity.cpp" />
    <ClCompile Include="proxystubs\ProxyStubs_NetworkControl.cpp" />
    <ClCompile Include="proxystubs\ProxyStubs_NetworkTools.cpp" />
    <ClCompile Include="proxystubs\ProxyStubs_OCDM.cpp" />
    <ClCompile Include="proxystubs\ProxyStubs_PackageManager.cpp" />
    <ClCompile Include="proxystubs\ProxyStubs_Packager.cpp" />
    <ClCompile Include="proxystubs\ProxyStubs_Performance.cpp" />
    <ClCompile Include="proxystubs\ProxyStubs_PlayerInfo.cpp" />
    <ClCompile Include="proxystubs\ProxyStubs_PlayGiga.cpp" />
    <ClCompile Include="proxystubs\ProxyStubs_Power.cpp" />
    <ClCompile Include="proxystubs\ProxyStubs_Provisioning.cpp" />
    <ClCompile Include="proxystubs\ProxyStubs_RemoteControl.cpp" />
    <ClCompile Include="proxystubs\ProxyStubs_ResourceMonitor.cpp" />
    <ClCompile Include="proxystubs\ProxyStubs_RPCLink.cpp" />
    <ClCompile Include="proxystubs\ProxyStubs_RtspClient.cpp" />
    <ClCompile Include="proxystubs\ProxyStubs_RustBridge.cpp" />
    <ClCompile Include="proxystubs\ProxyStubs_ScriptEngine.cpp" />
    <ClCompile Include="proxystubs\ProxyStubs_SecureShellServer.cpp" />
    <ClCompile Include="proxystubs\ProxyStubs_Store.cpp" />
    <ClCompile Include="proxystubs\ProxyStubs_StoreCache.cpp" />
    <ClCompile Include="proxystubs\ProxyStubs_Stream.cpp" />
    <ClCompile Include="proxystubs\ProxyStubs_SwitchBoard.cpp" />
    <ClCompile Include="proxystubs\ProxyStubs_SystemCommands.cpp" />
    <ClCompile Include="proxystubs\ProxyStubs_TextToSpeech.cpp" />
    <ClCompile Include="proxystubs\ProxyStubs_TimeSync.cpp" />
    <ClCompile Include="proxystubs\ProxyStubs_TimeZone.cpp" />
    <ClCompile Include="proxystubs\ProxyStubs_ValuePoint.cpp" />
    <ClCompile Include="proxystubs\ProxyStubs_VolumeControl.cpp" />
    <ClCompile Include="proxystubs\ProxyStubs_WatchDog.cpp" />
    <ClCompile Include="proxystubs\ProxyStubs_WebDriver.cpp" />
    <ClCompile Include="proxystubs\ProxyStubs_WebPA.cpp" />
    <ClCompile Include="proxystubs\ProxyStubs_WebServer.cpp" />
    <ClCompile Include="proxystubs\ProxyStubs_WifiControl.cpp" />
    <ClCompile Include="proxystubs\ProxyStubs_ZigWave.cpp" />
  </ItemGroup>
  <ItemGroup>
    <ClInclude Include="IAmazonPrime.h" />
    <ClInclude Include="IApplication.h" />
    <ClInclude Include="IAVNClient.h" />
    <ClInclude Include="IAVSClient.h" />
    <ClInclude Include="IBluetooth.h" />
    <ClInclude Include="IBluetoothAudio.h" />
    <ClInclude Include="IBrowser.h" />
    <ClInclude Include="IButler.h" />
    <ClInclude Include="ICapture.h" />
    <ClInclude Include="ICommand.h" />
    <ClInclude Include="IComposition.h" />
    <ClInclude Include="IConfiguration.h" />
    <ClInclude Include="IContentDecryption.h" />
    <ClInclude Include="ICryptography.h" />
    <ClInclude Include="IDeviceIdentification.h" />
    <ClInclude Include="IDeviceInfo.h" />
    <ClInclude Include="IDIALServer.h" />
    <ClInclude Include="IDictionary.h" />
    <ClInclude Include="IDisplayInfo.h" />
    <ClInclude Include="IDNSServer.h" />
    <ClInclude Include="IDolby.h" />
    <ClInclude Include="IDRM.h" />
    <ClInclude Include="Ids.h" />
    <ClInclude Include="IDsgccClient.h" />
    <ClInclude Include="IExternal.h" />
    <ClInclude Include="IExternalBase.h" />
    <ClInclude Include="IFocus.h" />
    <ClInclude Include="IGuide.h" />
    <ClInclude Include="IInputSwitch.h" />
    <ClInclude Include="IIPNetwork.h" />
    <ClInclude Include="IKeyHandler.h" />
    <ClInclude Include="ILanguageTag.h" />
    <ClInclude Include="ILocationSync.h" />
    <ClInclude Include="IMemory.h" />
    <ClInclude Include="IMemoryMonitor.h" />
    <ClInclude Include="IMessageControl.h" />
    <ClInclude Include="INetflix.h" />
    <ClInclude Include="INetflixSecurity.h" />
    <ClInclude Include="INetworkTools.h" />
    <ClInclude Include="IOCDM.h" />
    <ClInclude Include="IPackageManager.h" />
    <ClInclude Include="IPackager.h" />
    <ClInclude Include="IPerformance.h" />
    <ClInclude Include="IPlayGiga.h" />
    <ClInclude Include="IPower.h" />
    <ClInclude Include="IProvisioning.h" />
    <ClInclude Include="IRPCLink.h" />
    <ClInclude Include="IRtspClient.h" />
    <ClInclude Include="IRustBridge.h" />
    <ClInclude Include="IScriptEngine.h" />
    <ClInclude Include="ISecurityAgent.h" />
    <ClInclude Include="IStore.h" />
    <ClInclude Include="IStoreCache.h" />
    <ClInclude Include="IStream.h" />
    <ClInclude Include="ISwitchBoard.h" />
    <ClInclude Include="ISystemCommands.h" />
    <ClInclude Include="ITextToSpeech.h" />
    <ClInclude Include="ITimeSync.h" />
    <ClInclude Include="ITimeZone.h" />
    <ClInclude Include="IValuePoint.h" />
    <ClInclude Include="IWebDriver.h" />
    <ClInclude Include="IWebServer.h" />
    <ClInclude Include="IWifiControl.h" />
    <ClInclude Include="IZigWave.h" />
    <ClInclude Include="Module.h" />
    <ClInclude Include="ValuePoint.h" />
    <ClInclude Include="IIOConnector.h" />
    <ClInclude Include="IDHCPServer.h" />
  </ItemGroup>
  <ItemGroup>
    <Text Include="CMakeLists.txt" />
  </ItemGroup>
</Project>